
Microsoft Visual Studio Solution File, Format Version 12.00
# Visual Studio Version 16
VisualStudioVersion = 16.0.29920.165
MinimumVisualStudioVersion = 10.0.40219.1
Project("{2150E333-8FDC-42A3-9474-1A3956D46DE8}") = "WebApi", "WebApi", "{E4D2BC91-61D9-4B87-A04C-074AFA7B644E}"
EndProject
Project("{2150E333-8FDC-42A3-9474-1A3956D46DE8}") = "BiblioModels", "BiblioModels", "{BE75F60E-3F92-4949-95CD-5876E071D357}"
EndProject
Project("{FAE04EC0-301F-11D3-BF4B-00C04F79EFBC}") = "GestmetModelsClient", "GestmetModelsClient\GestmetModelsClient.csproj", "{4AFEF478-550C-4BC2-944A-D004FD3BACE1}"
EndProject
Project("{FAE04EC0-301F-11D3-BF4B-00C04F79EFBC}") = "GestmetModelsGlobal", "GestmetModelsGlobal\GestmetModelsGlobal.csproj", "{058056FF-2D95-4820-93A1-09F6CE3C11F5}"
EndProject
Project("{FAE04EC0-301F-11D3-BF4B-00C04F79EFBC}") = "GestmetModelsInterfaces", "GestmetModelsInterfaces\GestmetModelsInterfaces.csproj", "{BCC49272-5F46-4C13-AE37-2AC706791A76}"
EndProject
Project("{2150E333-8FDC-42A3-9474-1A3956D46DE8}") = "Tools", "Tools", "{DE02B3C1-CAF8-4D7D-B451-DCB527AB19E0}"
EndProject
Project("{FAE04EC0-301F-11D3-BF4B-00C04F79EFBC}") = "ToolBox", "ToolBox\ToolBox.csproj", "{4DF3141B-ECA5-49BF-A6D8-120A8DDF035F}"
EndProject
Project("{2150E333-8FDC-42A3-9474-1A3956D46DE8}") = "Common", "Common", "{8F01FEEE-8C22-410A-AA40-F766A8FEAF04}"
EndProject
Project("{FAE04EC0-301F-11D3-BF4B-00C04F79EFBC}") = "GestmetApi", "GestmetApi\GestmetApi.csproj", "{7298EB1C-E358-4F60-B7D0-C4D81541573E}"
EndProject
Project("{2150E333-8FDC-42A3-9474-1A3956D46DE8}") = "WebAsp", "WebAsp", "{A469A4F8-230E-4B3F-96C1-998661F0FC40}"
EndProject
Project("{FAE04EC0-301F-11D3-BF4B-00C04F79EFBC}") = "GestmetAsp", "GestmetAsp\GestmetAsp.csproj", "{D9DB0234-DEBF-4A00-9CCC-F59B4CD61A9C}"
EndProject
Project("{2150E333-8FDC-42A3-9474-1A3956D46DE8}") = "CommonUI", "CommonUI", "{4D18B407-0CEE-4E88-93E8-80F184016B09}"
EndProject
Project("{FAE04EC0-301F-11D3-BF4B-00C04F79EFBC}") = "UIGestmetModelsClient", "UIGestmetModelsClient\UIGestmetModelsClient.csproj", "{C98A5A38-30B7-4628-A100-777C25AE574F}"
EndProject
Project("{FAE04EC0-301F-11D3-BF4B-00C04F79EFBC}") = "UIGestmetModelsGlobal", "UIGestmetModelsGlobal\UIGestmetModelsGlobal.csproj", "{C84E5908-1B62-45FD-9BBC-219E81CE31DF}"
EndProject
Project("{2150E333-8FDC-42A3-9474-1A3956D46DE8}") = "Wpf", "Wpf", "{5A32A8B3-27DD-48C6-AA50-8BF1588505C7}"
EndProject
Project("{FAE04EC0-301F-11D3-BF4B-00C04F79EFBC}") = "GestmetWpf", "GestmetWpf\GestmetWpf.csproj", "{70E4F39C-E9D5-44FB-B7B4-7E62C3263D65}"
EndProject
Project("{FAE04EC0-301F-11D3-BF4B-00C04F79EFBC}") = "ToolBox.MVVM", "TooBox.MVVM\ToolBox.MVVM.csproj", "{DCB15220-272C-4F28-8F4B-720DBD27F1DB}"
EndProject
Global
	GlobalSection(SolutionConfigurationPlatforms) = preSolution
		Debug|Any CPU = Debug|Any CPU
		Release|Any CPU = Release|Any CPU
	EndGlobalSection
	GlobalSection(ProjectConfigurationPlatforms) = postSolution
		{4AFEF478-550C-4BC2-944A-D004FD3BACE1}.Debug|Any CPU.ActiveCfg = Debug|Any CPU
		{4AFEF478-550C-4BC2-944A-D004FD3BACE1}.Debug|Any CPU.Build.0 = Debug|Any CPU
		{4AFEF478-550C-4BC2-944A-D004FD3BACE1}.Release|Any CPU.ActiveCfg = Release|Any CPU
		{4AFEF478-550C-4BC2-944A-D004FD3BACE1}.Release|Any CPU.Build.0 = Release|Any CPU
		{058056FF-2D95-4820-93A1-09F6CE3C11F5}.Debug|Any CPU.ActiveCfg = Debug|Any CPU
		{058056FF-2D95-4820-93A1-09F6CE3C11F5}.Debug|Any CPU.Build.0 = Debug|Any CPU
		{058056FF-2D95-4820-93A1-09F6CE3C11F5}.Release|Any CPU.ActiveCfg = Release|Any CPU
		{058056FF-2D95-4820-93A1-09F6CE3C11F5}.Release|Any CPU.Build.0 = Release|Any CPU
		{BCC49272-5F46-4C13-AE37-2AC706791A76}.Debug|Any CPU.ActiveCfg = Debug|Any CPU
		{BCC49272-5F46-4C13-AE37-2AC706791A76}.Debug|Any CPU.Build.0 = Debug|Any CPU
		{BCC49272-5F46-4C13-AE37-2AC706791A76}.Release|Any CPU.ActiveCfg = Release|Any CPU
		{BCC49272-5F46-4C13-AE37-2AC706791A76}.Release|Any CPU.Build.0 = Release|Any CPU
		{4DF3141B-ECA5-49BF-A6D8-120A8DDF035F}.Debug|Any CPU.ActiveCfg = Debug|Any CPU
		{4DF3141B-ECA5-49BF-A6D8-120A8DDF035F}.Debug|Any CPU.Build.0 = Debug|Any CPU
		{4DF3141B-ECA5-49BF-A6D8-120A8DDF035F}.Release|Any CPU.ActiveCfg = Release|Any CPU
		{4DF3141B-ECA5-49BF-A6D8-120A8DDF035F}.Release|Any CPU.Build.0 = Release|Any CPU
		{7298EB1C-E358-4F60-B7D0-C4D81541573E}.Debug|Any CPU.ActiveCfg = Debug|Any CPU
		{7298EB1C-E358-4F60-B7D0-C4D81541573E}.Debug|Any CPU.Build.0 = Debug|Any CPU
		{7298EB1C-E358-4F60-B7D0-C4D81541573E}.Release|Any CPU.ActiveCfg = Release|Any CPU
		{7298EB1C-E358-4F60-B7D0-C4D81541573E}.Release|Any CPU.Build.0 = Release|Any CPU
		{D9DB0234-DEBF-4A00-9CCC-F59B4CD61A9C}.Debug|Any CPU.ActiveCfg = Debug|Any CPU
		{D9DB0234-DEBF-4A00-9CCC-F59B4CD61A9C}.Debug|Any CPU.Build.0 = Debug|Any CPU
		{D9DB0234-DEBF-4A00-9CCC-F59B4CD61A9C}.Release|Any CPU.ActiveCfg = Release|Any CPU
		{D9DB0234-DEBF-4A00-9CCC-F59B4CD61A9C}.Release|Any CPU.Build.0 = Release|Any CPU
		{C98A5A38-30B7-4628-A100-777C25AE574F}.Debug|Any CPU.ActiveCfg = Debug|Any CPU
		{C98A5A38-30B7-4628-A100-777C25AE574F}.Debug|Any CPU.Build.0 = Debug|Any CPU
		{C98A5A38-30B7-4628-A100-777C25AE574F}.Release|Any CPU.ActiveCfg = Release|Any CPU
		{C98A5A38-30B7-4628-A100-777C25AE574F}.Release|Any CPU.Build.0 = Release|Any CPU
		{C84E5908-1B62-45FD-9BBC-219E81CE31DF}.Debug|Any CPU.ActiveCfg = Debug|Any CPU
		{C84E5908-1B62-45FD-9BBC-219E81CE31DF}.Debug|Any CPU.Build.0 = Debug|Any CPU
		{C84E5908-1B62-45FD-9BBC-219E81CE31DF}.Release|Any CPU.ActiveCfg = Release|Any CPU
		{C84E5908-1B62-45FD-9BBC-219E81CE31DF}.Release|Any CPU.Build.0 = Release|Any CPU
		{70E4F39C-E9D5-44FB-B7B4-7E62C3263D65}.Debug|Any CPU.ActiveCfg = Debug|Any CPU
		{70E4F39C-E9D5-44FB-B7B4-7E62C3263D65}.Debug|Any CPU.Build.0 = Debug|Any CPU
		{70E4F39C-E9D5-44FB-B7B4-7E62C3263D65}.Release|Any CPU.ActiveCfg = Release|Any CPU
		{70E4F39C-E9D5-44FB-B7B4-7E62C3263D65}.Release|Any CPU.Build.0 = Release|Any CPU
		{DCB15220-272C-4F28-8F4B-720DBD27F1DB}.Debug|Any CPU.ActiveCfg = Debug|Any CPU
		{DCB15220-272C-4F28-8F4B-720DBD27F1DB}.Debug|Any CPU.Build.0 = Debug|Any CPU
		{DCB15220-272C-4F28-8F4B-720DBD27F1DB}.Release|Any CPU.ActiveCfg = Release|Any CPU
		{DCB15220-272C-4F28-8F4B-720DBD27F1DB}.Release|Any CPU.Build.0 = Release|Any CPU
	EndGlobalSection
	GlobalSection(SolutionProperties) = preSolution
		HideSolutionNode = FALSE
	EndGlobalSection
	GlobalSection(NestedProjects) = preSolution
		{BE75F60E-3F92-4949-95CD-5876E071D357} = {E4D2BC91-61D9-4B87-A04C-074AFA7B644E}
		{4AFEF478-550C-4BC2-944A-D004FD3BACE1} = {BE75F60E-3F92-4949-95CD-5876E071D357}
		{058056FF-2D95-4820-93A1-09F6CE3C11F5} = {BE75F60E-3F92-4949-95CD-5876E071D357}
		{BCC49272-5F46-4C13-AE37-2AC706791A76} = {8F01FEEE-8C22-410A-AA40-F766A8FEAF04}
		{4DF3141B-ECA5-49BF-A6D8-120A8DDF035F} = {DE02B3C1-CAF8-4D7D-B451-DCB527AB19E0}
		{7298EB1C-E358-4F60-B7D0-C4D81541573E} = {E4D2BC91-61D9-4B87-A04C-074AFA7B644E}
		{D9DB0234-DEBF-4A00-9CCC-F59B4CD61A9C} = {A469A4F8-230E-4B3F-96C1-998661F0FC40}
		{C98A5A38-30B7-4628-A100-777C25AE574F} = {4D18B407-0CEE-4E88-93E8-80F184016B09}
		{C84E5908-1B62-45FD-9BBC-219E81CE31DF} = {4D18B407-0CEE-4E88-93E8-80F184016B09}
		{70E4F39C-E9D5-44FB-B7B4-7E62C3263D65} = {5A32A8B3-27DD-48C6-AA50-8BF1588505C7}
		{DCB15220-272C-4F28-8F4B-720DBD27F1DB} = {DE02B3C1-CAF8-4D7D-B451-DCB527AB19E0}
	EndGlobalSection
	GlobalSection(ExtensibilityGlobals) = postSolution
		SolutionGuid = {0AA7CA25-8ED7-48CC-94F2-72506F30CAF2}
	EndGlobalSection
EndGlobal
